
Microsoft Visual Studio Solution File, Format Version 12.00
# Visual Studio 15
VisualStudioVersion = 15.0.26430.12
MinimumVisualStudioVersion = 10.0.40219.1
Project("{FAE04EC0-301F-11D3-BF4B-00C04F79EFBC}") = "Web", "Web\Web.csproj", "{A8E03DF8-A581-4A70-878E-D81E7F370A50}"
EndProject
Project("{FAE04EC0-301F-11D3-BF4B-00C04F79EFBC}") = "Tests", "Tests\Tests.csproj", "{C22D2CAD-579B-4B95-BF62-9E460086E277}"
EndProject
Project("{FAE04EC0-301F-11D3-BF4B-00C04F79EFBC}") = "Core", "Core\Core.csproj", "{9BE4C39D-6C17-4D22-8A87-B1639FC8D371}"
EndProject
Project("{FAE04EC0-301F-11D3-BF4B-00C04F79EFBC}") = "Infrastructure", "Infrastructure\Infrastructure.csproj", "{B2CE8A5C-043C-4EA9-BCD3-402B9C1891DE}"
EndProject
Global
	GlobalSection(SolutionConfigurationPlatforms) = preSolution
		Debug|Any CPU = Debug|Any CPU
		Release|Any CPU = Release|Any CPU
	EndGlobalSection
	GlobalSection(ProjectConfigurationPlatforms) = postSolution
		{A8E03DF8-A581-4A70-878E-D81E7F370A50}.Debug|Any CPU.ActiveCfg = Debug|Any CPU
		{A8E03DF8-A581-4A70-878E-D81E7F370A50}.Debug|Any CPU.Build.0 = Debug|Any CPU
		{A8E03DF8-A581-4A70-878E-D81E7F370A50}.Release|Any CPU.ActiveCfg = Release|Any CPU
		{A8E03DF8-A581-4A70-878E-D81E7F370A50}.Release|Any CPU.Build.0 = Release|Any CPU
		{C22D2CAD-579B-4B95-BF62-9E460086E277}.Debug|Any CPU.ActiveCfg = Debug|Any CPU
		{C22D2CAD-579B-4B95-BF62-9E460086E277}.Debug|Any CPU.Build.0 = Debug|Any CPU
		{C22D2CAD-579B-4B95-BF62-9E460086E277}.Release|Any CPU.ActiveCfg = Release|Any CPU
		{C22D2CAD-579B-4B95-BF62-9E460086E277}.Release|Any CPU.Build.0 = Release|Any CPU
		{9BE4C39D-6C17-4D22-8A87-B1639FC8D371}.Debug|Any CPU.ActiveCfg = Debug|Any CPU
		{9BE4C39D-6C17-4D22-8A87-B1639FC8D371}.Debug|Any CPU.Build.0 = Debug|Any CPU
		{9BE4C39D-6C17-4D22-8A87-B1639FC8D371}.Release|Any CPU.ActiveCfg = Release|Any CPU
		{9BE4C39D-6C17-4D22-8A87-B1639FC8D371}.Release|Any CPU.Build.0 = Release|Any CPU
		{B2CE8A5C-043C-4EA9-BCD3-402B9C1891DE}.Debug|Any CPU.ActiveCfg = Debug|Any CPU
		{B2CE8A5C-043C-4EA9-BCD3-402B9C1891DE}.Debug|Any CPU.Build.0 = Debug|Any CPU
		{B2CE8A5C-043C-4EA9-BCD3-402B9C1891DE}.Release|Any CPU.ActiveCfg = Release|Any CPU
		{B2CE8A5C-043C-4EA9-BCD3-402B9C1891DE}.Release|Any CPU.Build.0 = Release|Any CPU
	EndGlobalSection
	GlobalSection(SolutionProperties) = preSolution
		HideSolutionNode = FALSE
	EndGlobalSection
EndGlobal
