Microsoft Visual Studio Solution File, Format Version 12.00
# Visual Studio 15
VisualStudioVersion = 15.0.26430.12
MinimumVisualStudioVersion = 10.0.40219.1
Project("{FAE04EC0-301F-11D3-BF4B-00C04F79EFBC}") = "Core", "Core\Core.csproj", "{9BE4C39D-6C17-4D22-8A87-B1639FC8D371}"
EndProject
Project("{FAE04EC0-301F-11D3-BF4B-00C04F79EFBC}") = "Infrastructure", "Infrastructure\Infrastructure.csproj", "{B2CE8A5C-043C-4EA9-BCD3-402B9C1891DE}"
EndProject
Project("{FAE04EC0-301F-11D3-BF4B-00C04F79EFBC}") = "Web", "Web\Web.csproj", "{EDD4A23E-2629-44C3-A21D-E45F75385C06}"
EndProject
Project("{FAE04EC0-301F-11D3-BF4B-00C04F79EFBC}") = "Service", "Service\Service.csproj", "{18E9E3F3-7F32-46D2-8612-A4645AE8B142}"
EndProject
Project("{FAE04EC0-301F-11D3-BF4B-00C04F79EFBC}") = "TaskServer", "TaskServer\TaskServer.csproj", "{B8A7E029-2EE5-4F2F-AD36-E397D4FCD02A}"
EndProject
Project("{FAE04EC0-301F-11D3-BF4B-00C04F79EFBC}") = "Common", "Common\Common.csproj", "{699CF2C5-9BCD-430C-AFFC-BBB005512975}"
EndProject
Project("{FAE04EC0-301F-11D3-BF4B-00C04F79EFBC}") = "Tests.Service", "Tests.Service\Tests.Service.csproj", "{3239C36A-B75A-4C8E-9C4E-F6C5E84221AB}"
EndProject
Global
	GlobalSection(SolutionConfigurationPlatforms) = preSolution
		Debug|Any CPU = Debug|Any CPU
		Release|Any CPU = Release|Any CPU
	EndGlobalSection
	GlobalSection(ProjectConfigurationPlatforms) = postSolution
		{9BE4C39D-6C17-4D22-8A87-B1639FC8D371}.Debug|Any CPU.ActiveCfg = Debug|Any CPU
		{9BE4C39D-6C17-4D22-8A87-B1639FC8D371}.Debug|Any CPU.Build.0 = Debug|Any CPU
		{9BE4C39D-6C17-4D22-8A87-B1639FC8D371}.Release|Any CPU.ActiveCfg = Release|Any CPU
		{9BE4C39D-6C17-4D22-8A87-B1639FC8D371}.Release|Any CPU.Build.0 = Release|Any CPU
		{B2CE8A5C-043C-4EA9-BCD3-402B9C1891DE}.Debug|Any CPU.ActiveCfg = Debug|Any CPU
		{B2CE8A5C-043C-4EA9-BCD3-402B9C1891DE}.Debug|Any CPU.Build.0 = Debug|Any CPU
		{B2CE8A5C-043C-4EA9-BCD3-402B9C1891DE}.Release|Any CPU.ActiveCfg = Release|Any CPU
		{B2CE8A5C-043C-4EA9-BCD3-402B9C1891DE}.Release|Any CPU.Build.0 = Release|Any CPU
		{EDD4A23E-2629-44C3-A21D-E45F75385C06}.Debug|Any CPU.ActiveCfg = Debug|Any CPU
		{EDD4A23E-2629-44C3-A21D-E45F75385C06}.Debug|Any CPU.Build.0 = Debug|Any CPU
		{EDD4A23E-2629-44C3-A21D-E45F75385C06}.Release|Any CPU.ActiveCfg = Release|Any CPU
		{EDD4A23E-2629-44C3-A21D-E45F75385C06}.Release|Any CPU.Build.0 = Release|Any CPU
		{18E9E3F3-7F32-46D2-8612-A4645AE8B142}.Debug|Any CPU.ActiveCfg = Debug|Any CPU
		{18E9E3F3-7F32-46D2-8612-A4645AE8B142}.Debug|Any CPU.Build.0 = Debug|Any CPU
		{18E9E3F3-7F32-46D2-8612-A4645AE8B142}.Release|Any CPU.ActiveCfg = Release|Any CPU
		{18E9E3F3-7F32-46D2-8612-A4645AE8B142}.Release|Any CPU.Build.0 = Release|Any CPU
		{B8A7E029-2EE5-4F2F-AD36-E397D4FCD02A}.Debug|Any CPU.ActiveCfg = Debug|Any CPU
		{B8A7E029-2EE5-4F2F-AD36-E397D4FCD02A}.Debug|Any CPU.Build.0 = Debug|Any CPU
		{B8A7E029-2EE5-4F2F-AD36-E397D4FCD02A}.Release|Any CPU.ActiveCfg = Release|Any CPU
		{B8A7E029-2EE5-4F2F-AD36-E397D4FCD02A}.Release|Any CPU.Build.0 = Release|Any CPU
		{699CF2C5-9BCD-430C-AFFC-BBB005512975}.Debug|Any CPU.ActiveCfg = Debug|Any CPU
		{699CF2C5-9BCD-430C-AFFC-BBB005512975}.Debug|Any CPU.Build.0 = Debug|Any CPU
		{699CF2C5-9BCD-430C-AFFC-BBB005512975}.Release|Any CPU.ActiveCfg = Release|Any CPU
		{699CF2C5-9BCD-430C-AFFC-BBB005512975}.Release|Any CPU.Build.0 = Release|Any CPU
		{3239C36A-B75A-4C8E-9C4E-F6C5E84221AB}.Debug|Any CPU.ActiveCfg = Debug|Any CPU
		{3239C36A-B75A-4C8E-9C4E-F6C5E84221AB}.Debug|Any CPU.Build.0 = Debug|Any CPU
		{3239C36A-B75A-4C8E-9C4E-F6C5E84221AB}.Release|Any CPU.ActiveCfg = Release|Any CPU
		{3239C36A-B75A-4C8E-9C4E-F6C5E84221AB}.Release|Any CPU.Build.0 = Release|Any CPU
	EndGlobalSection
	GlobalSection(SolutionProperties) = preSolution
		HideSolutionNode = FALSE
	EndGlobalSection
EndGlobal
